
Microsoft Visual Studio Solution File, Format Version 12.00
# Visual Studio Version 17
VisualStudioVersion = 17.6.33801.468
MinimumVisualStudioVersion = 10.0.40219.1
Project("{FAE04EC0-301F-11D3-BF4B-00C04F79EFBC}") = "backend-2023-final", "backend-2023-final.csproj", "{B5AE5BAB-1CBC-4AEC-A213-7607B7A25F3D}"
EndProject
Global
	GlobalSection(SolutionConfigurationPlatforms) = preSolution
		Debug|Any CPU = Debug|Any CPU
		Release|Any CPU = Release|Any CPU
	EndGlobalSection
	GlobalSection(ProjectConfigurationPlatforms) = postSolution
		{B5AE5BAB-1CBC-4AEC-A213-7607B7A25F3D}.Debug|Any CPU.ActiveCfg = Debug|Any CPU
		{B5AE5BAB-1CBC-4AEC-A213-7607B7A25F3D}.Debug|Any CPU.Build.0 = Debug|Any CPU
		{B5AE5BAB-1CBC-4AEC-A213-7607B7A25F3D}.Release|Any CPU.ActiveCfg = Release|Any CPU
		{B5AE5BAB-1CBC-4AEC-A213-7607B7A25F3D}.Release|Any CPU.Build.0 = Release|Any CPU
	EndGlobalSection
	GlobalSection(SolutionProperties) = preSolution
		HideSolutionNode = FALSE
	EndGlobalSection
	GlobalSection(ExtensibilityGlobals) = postSolution
		SolutionGuid = {0DCABED6-7D9D-431C-9BE9-7D752BC1D1DA}
	EndGlobalSection
EndGlobal
